
Microsoft Visual Studio Solution File, Format Version 12.00
# Visual Studio 15
Project("{FAE04EC0-301F-11D3-BF4B-00C04F79EFBC}") = "Assembly-CSharp", "Assembly-CSharp.csproj", "{39542945-7281-A059-F484-889AF08D5D75}"
EndProject
Project("{FAE04EC0-301F-11D3-BF4B-00C04F79EFBC}") = "Unity.XR.Interaction.Toolkit.Samples.DeviceSimulator", "Unity.XR.Interaction.Toolkit.Samples.DeviceSimulator.csproj", "{9DBE08A7-9BEF-B85F-4172-57FE2EA85291}"
EndProject
Project("{FAE04EC0-301F-11D3-BF4B-00C04F79EFBC}") = "Unity.XR.Interaction.Toolkit.Samples.StarterAssets", "Unity.XR.Interaction.Toolkit.Samples.StarterAssets.csproj", "{80B1C748-ED51-3838-D883-F23FB9026B00}"
EndProject
Project("{FAE04EC0-301F-11D3-BF4B-00C04F79EFBC}") = "Unity.XR.Interaction.Toolkit.Samples.StarterAssets.Editor", "Unity.XR.Interaction.Toolkit.Samples.StarterAssets.Editor.csproj", "{DBB467EE-782D-3FDB-E0AA-6FDB65ECF5CC}"
EndProject
Project("{FAE04EC0-301F-11D3-BF4B-00C04F79EFBC}") = "Unity.XR.Interaction.Toolkit.Samples.ARStarterAssets.Editor", "Unity.XR.Interaction.Toolkit.Samples.ARStarterAssets.Editor.csproj", "{6AFC68DC-CF90-F863-BFA4-E9F0BCC9F7DA}"
EndProject
Project("{FAE04EC0-301F-11D3-BF4B-00C04F79EFBC}") = "Unity.XR.Interaction.Toolkit.Samples.ARStarterAssets", "Unity.XR.Interaction.Toolkit.Samples.ARStarterAssets.csproj", "{C65C43A1-3697-C740-29DF-7EAF82F46AD0}"
EndProject
Global
	GlobalSection(SolutionConfigurationPlatforms) = preSolution
		Debug|Any CPU = Debug|Any CPU
		Release|Any CPU = Release|Any CPU
	EndGlobalSection
	GlobalSection(ProjectConfigurationPlatforms) = postSolution
		{39542945-7281-A059-F484-889AF08D5D75}.Debug|Any CPU.ActiveCfg = Debug|Any CPU
		{39542945-7281-A059-F484-889AF08D5D75}.Debug|Any CPU.Build.0 = Debug|Any CPU
		{39542945-7281-A059-F484-889AF08D5D75}.Release|Any CPU.ActiveCfg = Release|Any CPU
		{39542945-7281-A059-F484-889AF08D5D75}.Release|Any CPU.Build.0 = Release|Any CPU
		{9DBE08A7-9BEF-B85F-4172-57FE2EA85291}.Debug|Any CPU.ActiveCfg = Debug|Any CPU
		{9DBE08A7-9BEF-B85F-4172-57FE2EA85291}.Debug|Any CPU.Build.0 = Debug|Any CPU
		{9DBE08A7-9BEF-B85F-4172-57FE2EA85291}.Release|Any CPU.ActiveCfg = Release|Any CPU
		{9DBE08A7-9BEF-B85F-4172-57FE2EA85291}.Release|Any CPU.Build.0 = Release|Any CPU
		{80B1C748-ED51-3838-D883-F23FB9026B00}.Debug|Any CPU.ActiveCfg = Debug|Any CPU
		{80B1C748-ED51-3838-D883-F23FB9026B00}.Debug|Any CPU.Build.0 = Debug|Any CPU
		{80B1C748-ED51-3838-D883-F23FB9026B00}.Release|Any CPU.ActiveCfg = Release|Any CPU
		{80B1C748-ED51-3838-D883-F23FB9026B00}.Release|Any CPU.Build.0 = Release|Any CPU
		{DBB467EE-782D-3FDB-E0AA-6FDB65ECF5CC}.Debug|Any CPU.ActiveCfg = Debug|Any CPU
		{DBB467EE-782D-3FDB-E0AA-6FDB65ECF5CC}.Debug|Any CPU.Build.0 = Debug|Any CPU
		{DBB467EE-782D-3FDB-E0AA-6FDB65ECF5CC}.Release|Any CPU.ActiveCfg = Release|Any CPU
		{DBB467EE-782D-3FDB-E0AA-6FDB65ECF5CC}.Release|Any CPU.Build.0 = Release|Any CPU
		{6AFC68DC-CF90-F863-BFA4-E9F0BCC9F7DA}.Debug|Any CPU.ActiveCfg = Debug|Any CPU
		{6AFC68DC-CF90-F863-BFA4-E9F0BCC9F7DA}.Debug|Any CPU.Build.0 = Debug|Any CPU
		{6AFC68DC-CF90-F863-BFA4-E9F0BCC9F7DA}.Release|Any CPU.ActiveCfg = Release|Any CPU
		{6AFC68DC-CF90-F863-BFA4-E9F0BCC9F7DA}.Release|Any CPU.Build.0 = Release|Any CPU
		{C65C43A1-3697-C740-29DF-7EAF82F46AD0}.Debug|Any CPU.ActiveCfg = Debug|Any CPU
		{C65C43A1-3697-C740-29DF-7EAF82F46AD0}.Debug|Any CPU.Build.0 = Debug|Any CPU
		{C65C43A1-3697-C740-29DF-7EAF82F46AD0}.Release|Any CPU.ActiveCfg = Release|Any CPU
		{C65C43A1-3697-C740-29DF-7EAF82F46AD0}.Release|Any CPU.Build.0 = Release|Any CPU
	EndGlobalSection
	GlobalSection(SolutionProperties) = preSolution
		HideSolutionNode = FALSE
	EndGlobalSection
EndGlobal
